
Microsoft Visual Studio Solution File, Format Version 12.00
# Visual Studio Version 17
VisualStudioVersion = 17.8.34309.116
MinimumVisualStudioVersion = 10.0.40219.1
Project("{FAE04EC0-301F-11D3-BF4B-00C04F79EFBC}") = "RazorPagesDemo", "RazorPagesDemo\RazorPagesDemo.csproj", "{1633F4D0-4085-4B15-B2AD-28ABF4ACC827}"
EndProject
Global
	GlobalSection(SolutionConfigurationPlatforms) = preSolution
		Debug|Any CPU = Debug|Any CPU
		Release|Any CPU = Release|Any CPU
	EndGlobalSection
	GlobalSection(ProjectConfigurationPlatforms) = postSolution
		{1633F4D0-4085-4B15-B2AD-28ABF4ACC827}.Debug|Any CPU.ActiveCfg = Debug|Any CPU
		{1633F4D0-4085-4B15-B2AD-28ABF4ACC827}.Debug|Any CPU.Build.0 = Debug|Any CPU
		{1633F4D0-4085-4B15-B2AD-28ABF4ACC827}.Release|Any CPU.ActiveCfg = Release|Any CPU
		{1633F4D0-4085-4B15-B2AD-28ABF4ACC827}.Release|Any CPU.Build.0 = Release|Any CPU
	EndGlobalSection
	GlobalSection(SolutionProperties) = preSolution
		HideSolutionNode = FALSE
	EndGlobalSection
	GlobalSection(ExtensibilityGlobals) = postSolution
		SolutionGuid = {C5EF7C2A-5DFD-4324-A875-986AA2A21ED7}
	EndGlobalSection
EndGlobal
